Microsoft Visual Studio Solution File, Format Version 11.00
# Visual Studio 16
Project("{FAE04EC0-301F-11D3-BF4B-00C04F79EFBC}") = "LayoutPanel_Content_Ex", "LayoutPanel_Content_Ex\LayoutPanel_Content_Ex.Net5.csproj", "{0FD3AE63-C13F-491D-9C93-ED4C52DC5C18}"
EndProject
Global
	GlobalSection(SolutionConfigurationPlatforms) = preSolution
		Debug|Any CPU = Debug|Any CPU
		Release|Any CPU = Release|Any CPU
	EndGlobalSection
	GlobalSection(ProjectConfigurationPlatforms) = postSolution
		{0FD3AE63-C13F-491D-9C93-ED4C52DC5C18}.Debug|Any CPU.ActiveCfg = Debug|Any CPU
		{0FD3AE63-C13F-491D-9C93-ED4C52DC5C18}.Debug|Any CPU.Build.0 = Debug|Any CPU
		{0FD3AE63-C13F-491D-9C93-ED4C52DC5C18}.Release|Any CPU.ActiveCfg = Release|Any CPU
		{0FD3AE63-C13F-491D-9C93-ED4C52DC5C18}.Release|Any CPU.Build.0 = Release|Any CPU
	EndGlobalSection
	GlobalSection(SolutionProperties) = preSolution
		HideSolutionNode = FALSE
	EndGlobalSection
EndGlobal
